{
  "nodes": {
    "root": {
      "inputs": {
        "sysrepo": "sysrepo"
      }
    },
    "sysrepo": {
      "locked": {
        "lastModified": 0,
        "narHash": "sha256-z891h6m+S/y5UXTZ3b9F3wt1jnAyDxy0uZbeOiOctyM=",
        "path": "/nix/store/nabdvxrkm7d50hygy76mzkinl1n3xdm4-source",
        "type": "path"
      },
      "original": {
        "id": "nixpkgs",
        "type": "indirect"
      }
    }
  },
  "root": "root",
  "version": 7
}
